
Microsoft Visual Studio Solution File, Format Version 12.00
# Visual Studio Version 17
VisualStudioVersion = 17.0.31903.59
MinimumVisualStudioVersion = 10.0.40219.1
Project("{FAE04EC0-301F-11D3-BF4B-00C04F79EFBC}") = "MoneyFlies.Api", "MoneyFlies.Api\MoneyFlies.Api.csproj", "{B47921EA-BA74-431B-A938-C477B86122B0}"
EndProject
Project("{FAE04EC0-301F-11D3-BF4B-00C04F79EFBC}") = "MoneyFlies.Infra", "MoneyFlies.Infra\MoneyFlies.Infra.csproj", "{AF5FACDF-97D1-41DF-99A4-04C8E393C2F0}"
EndProject
Project("{FAE04EC0-301F-11D3-BF4B-00C04F79EFBC}") = "MoneyFlies.Domain", "MoneyFlies.Domain\MoneyFlies.Domain.csproj", "{1658D187-0279-4384-A575-E70CC2DEEAB8}"
EndProject
Global
	GlobalSection(SolutionConfigurationPlatforms) = preSolution
		Debug|Any CPU = Debug|Any CPU
		Release|Any CPU = Release|Any CPU
	EndGlobalSection
	GlobalSection(SolutionProperties) = preSolution
		HideSolutionNode = FALSE
	EndGlobalSection
	GlobalSection(ProjectConfigurationPlatforms) = postSolution
		{B47921EA-BA74-431B-A938-C477B86122B0}.Debug|Any CPU.ActiveCfg = Debug|Any CPU
		{B47921EA-BA74-431B-A938-C477B86122B0}.Debug|Any CPU.Build.0 = Debug|Any CPU
		{B47921EA-BA74-431B-A938-C477B86122B0}.Release|Any CPU.ActiveCfg = Release|Any CPU
		{B47921EA-BA74-431B-A938-C477B86122B0}.Release|Any CPU.Build.0 = Release|Any CPU
		{AF5FACDF-97D1-41DF-99A4-04C8E393C2F0}.Debug|Any CPU.ActiveCfg = Debug|Any CPU
		{AF5FACDF-97D1-41DF-99A4-04C8E393C2F0}.Debug|Any CPU.Build.0 = Debug|Any CPU
		{AF5FACDF-97D1-41DF-99A4-04C8E393C2F0}.Release|Any CPU.ActiveCfg = Release|Any CPU
		{AF5FACDF-97D1-41DF-99A4-04C8E393C2F0}.Release|Any CPU.Build.0 = Release|Any CPU
		{1658D187-0279-4384-A575-E70CC2DEEAB8}.Debug|Any CPU.ActiveCfg = Debug|Any CPU
		{1658D187-0279-4384-A575-E70CC2DEEAB8}.Debug|Any CPU.Build.0 = Debug|Any CPU
		{1658D187-0279-4384-A575-E70CC2DEEAB8}.Release|Any CPU.ActiveCfg = Release|Any CPU
		{1658D187-0279-4384-A575-E70CC2DEEAB8}.Release|Any CPU.Build.0 = Release|Any CPU
	EndGlobalSection
EndGlobal
